
Microsoft Visual Studio Solution File, Format Version 12.00
# Visual Studio Version 16
VisualStudioVersion = 16.0.31624.102
MinimumVisualStudioVersion = 10.0.40219.1
Project("{9A19103F-16F7-4668-BE54-9A1E7A4F7556}") = "Handwritten Numbers ML.NETML.Model", "Handwriiten Numbers ML.NETML.Model\Handwritten Numbers ML.NETML.Model.csproj", "{DE544B31-8ECE-490F-9368-FACEF6C043E4}"
EndProject
Project("{9A19103F-16F7-4668-BE54-9A1E7A4F7556}") = "Handwritten Numbers ML.NETML.ConsoleApp", "Handwriiten Numbers ML.NETML.ConsoleApp\Handwritten Numbers ML.NETML.ConsoleApp.csproj", "{6DE12DD1-009D-42BE-B749-BD5F42DD880D}"
EndProject
Global
	GlobalSection(SolutionConfigurationPlatforms) = preSolution
		Debug|Any CPU = Debug|Any CPU
		Release|Any CPU = Release|Any CPU
	EndGlobalSection
	GlobalSection(ProjectConfigurationPlatforms) = postSolution
		{DE544B31-8ECE-490F-9368-FACEF6C043E4}.Debug|Any CPU.ActiveCfg = Debug|Any CPU
		{DE544B31-8ECE-490F-9368-FACEF6C043E4}.Debug|Any CPU.Build.0 = Debug|Any CPU
		{DE544B31-8ECE-490F-9368-FACEF6C043E4}.Release|Any CPU.ActiveCfg = Release|Any CPU
		{DE544B31-8ECE-490F-9368-FACEF6C043E4}.Release|Any CPU.Build.0 = Release|Any CPU
		{6DE12DD1-009D-42BE-B749-BD5F42DD880D}.Debug|Any CPU.ActiveCfg = Debug|Any CPU
		{6DE12DD1-009D-42BE-B749-BD5F42DD880D}.Debug|Any CPU.Build.0 = Debug|Any CPU
		{6DE12DD1-009D-42BE-B749-BD5F42DD880D}.Release|Any CPU.ActiveCfg = Release|Any CPU
		{6DE12DD1-009D-42BE-B749-BD5F42DD880D}.Release|Any CPU.Build.0 = Release|Any CPU
	EndGlobalSection
	GlobalSection(SolutionProperties) = preSolution
		HideSolutionNode = FALSE
	EndGlobalSection
	GlobalSection(ExtensibilityGlobals) = postSolution
		SolutionGuid = {02B6F801-093A-4250-9F61-802D56CC3901}
	EndGlobalSection
EndGlobal
